
Microsoft Visual Studio Solution File, Format Version 12.00
# Visual Studio Version 17
VisualStudioVersion = 17.3.32825.248
MinimumVisualStudioVersion = 10.0.40219.1
Project("{FAE04EC0-301F-11D3-BF4B-00C04F79EFBC}") = "IoCdemo1", "IoCdemo1\IoCdemo1.csproj", "{CC8A0A73-B8EA-42CB-8C2C-BDB696DAB492}"
EndProject
Global
	GlobalSection(SolutionConfigurationPlatforms) = preSolution
		Debug|Any CPU = Debug|Any CPU
		Release|Any CPU = Release|Any CPU
	EndGlobalSection
	GlobalSection(ProjectConfigurationPlatforms) = postSolution
		{CC8A0A73-B8EA-42CB-8C2C-BDB696DAB492}.Debug|Any CPU.ActiveCfg = Debug|Any CPU
		{CC8A0A73-B8EA-42CB-8C2C-BDB696DAB492}.Debug|Any CPU.Build.0 = Debug|Any CPU
		{CC8A0A73-B8EA-42CB-8C2C-BDB696DAB492}.Release|Any CPU.ActiveCfg = Release|Any CPU
		{CC8A0A73-B8EA-42CB-8C2C-BDB696DAB492}.Release|Any CPU.Build.0 = Release|Any CPU
	EndGlobalSection
	GlobalSection(SolutionProperties) = preSolution
		HideSolutionNode = FALSE
	EndGlobalSection
	GlobalSection(ExtensibilityGlobals) = postSolution
		SolutionGuid = {4A5CB8F3-677C-4846-832B-60632D48C91D}
	EndGlobalSection
EndGlobal
