
Microsoft Visual Studio Solution File, Format Version 12.00
# Visual Studio Version 17
VisualStudioVersion = 17.3.32825.248
MinimumVisualStudioVersion = 10.0.40219.1
Project("{FAE04EC0-301F-11D3-BF4B-00C04F79EFBC}") = "Ejendom.BusinessLogic", "Ejendom.BusinessLogic\Ejendom.BusinessLogic.csproj", "{E29262B5-4F64-4FA8-9555-85FA39BF8017}"
EndProject
Project("{FAE04EC0-301F-11D3-BF4B-00C04F79EFBC}") = "Ejendom.BusinessLogic.Test", "Ejendom.BusinessLogic.Test\Ejendom.BusinessLogic.Test.csproj", "{D009FBB8-42DC-48AB-9D97-C05C21799228}"
EndProject
Global
	GlobalSection(SolutionConfigurationPlatforms) = preSolution
		Debug|Any CPU = Debug|Any CPU
		Release|Any CPU = Release|Any CPU
	EndGlobalSection
	GlobalSection(ProjectConfigurationPlatforms) = postSolution
		{E29262B5-4F64-4FA8-9555-85FA39BF8017}.Debug|Any CPU.ActiveCfg = Debug|Any CPU
		{E29262B5-4F64-4FA8-9555-85FA39BF8017}.Debug|Any CPU.Build.0 = Debug|Any CPU
		{E29262B5-4F64-4FA8-9555-85FA39BF8017}.Release|Any CPU.ActiveCfg = Release|Any CPU
		{E29262B5-4F64-4FA8-9555-85FA39BF8017}.Release|Any CPU.Build.0 = Release|Any CPU
		{D009FBB8-42DC-48AB-9D97-C05C21799228}.Debug|Any CPU.ActiveCfg = Debug|Any CPU
		{D009FBB8-42DC-48AB-9D97-C05C21799228}.Debug|Any CPU.Build.0 = Debug|Any CPU
		{D009FBB8-42DC-48AB-9D97-C05C21799228}.Release|Any CPU.ActiveCfg = Release|Any CPU
		{D009FBB8-42DC-48AB-9D97-C05C21799228}.Release|Any CPU.Build.0 = Release|Any CPU
	EndGlobalSection
	GlobalSection(SolutionProperties) = preSolution
		HideSolutionNode = FALSE
	EndGlobalSection
	GlobalSection(ExtensibilityGlobals) = postSolution
		SolutionGuid = {611C232D-C6C1-4F37-B0A5-EAD87BD50092}
	EndGlobalSection
EndGlobal
