
Microsoft Visual Studio Solution File, Format Version 12.00
# Visual Studio Version 17
VisualStudioVersion = 17.3.32819.101
MinimumVisualStudioVersion = 10.0.40219.1
Project("{9A19103F-16F7-4668-BE54-9A1E7A4F7556}") = "BmiWebApplication", "BmiWebApplication\BmiWebApplication.csproj", "{4946F56B-B363-4282-B72D-474DF29C6DC1}"
EndProject
Global
	GlobalSection(SolutionConfigurationPlatforms) = preSolution
		Debug|Any CPU = Debug|Any CPU
		Release|Any CPU = Release|Any CPU
	EndGlobalSection
	GlobalSection(ProjectConfigurationPlatforms) = postSolution
		{4946F56B-B363-4282-B72D-474DF29C6DC1}.Debug|Any CPU.ActiveCfg = Debug|Any CPU
		{4946F56B-B363-4282-B72D-474DF29C6DC1}.Debug|Any CPU.Build.0 = Debug|Any CPU
		{4946F56B-B363-4282-B72D-474DF29C6DC1}.Release|Any CPU.ActiveCfg = Release|Any CPU
		{4946F56B-B363-4282-B72D-474DF29C6DC1}.Release|Any CPU.Build.0 = Release|Any CPU
	EndGlobalSection
	GlobalSection(SolutionProperties) = preSolution
		HideSolutionNode = FALSE
	EndGlobalSection
	GlobalSection(ExtensibilityGlobals) = postSolution
		SolutionGuid = {ADF761E1-71CF-4B21-902D-18D8F2B513EC}
	EndGlobalSection
EndGlobal
