
Microsoft Visual Studio Solution File, Format Version 12.00
# Visual Studio Version 17
VisualStudioVersion = 17.4.33103.184
MinimumVisualStudioVersion = 10.0.40219.1
Project("{9A19103F-16F7-4668-BE54-9A1E7A4F7556}") = "TransactionExecuter", "TransactionDemo\TransactionExecuter.csproj", "{94C52697-8AC8-4625-9228-511EB19D57D9}"
EndProject
Project("{FAE04EC0-301F-11D3-BF4B-00C04F79EFBC}") = "TransactionInjector", "TransactionInjector\TransactionInjector.csproj", "{8223252D-D707-4796-9B63-9194D6023414}"
EndProject
Global
	GlobalSection(SolutionConfigurationPlatforms) = preSolution
		Debug|Any CPU = Debug|Any CPU
		Release|Any CPU = Release|Any CPU
	EndGlobalSection
	GlobalSection(ProjectConfigurationPlatforms) = postSolution
		{94C52697-8AC8-4625-9228-511EB19D57D9}.Debug|Any CPU.ActiveCfg = Debug|Any CPU
		{94C52697-8AC8-4625-9228-511EB19D57D9}.Debug|Any CPU.Build.0 = Debug|Any CPU
		{94C52697-8AC8-4625-9228-511EB19D57D9}.Release|Any CPU.ActiveCfg = Release|Any CPU
		{94C52697-8AC8-4625-9228-511EB19D57D9}.Release|Any CPU.Build.0 = Release|Any CPU
		{8223252D-D707-4796-9B63-9194D6023414}.Debug|Any CPU.ActiveCfg = Debug|Any CPU
		{8223252D-D707-4796-9B63-9194D6023414}.Debug|Any CPU.Build.0 = Debug|Any CPU
		{8223252D-D707-4796-9B63-9194D6023414}.Release|Any CPU.ActiveCfg = Release|Any CPU
		{8223252D-D707-4796-9B63-9194D6023414}.Release|Any CPU.Build.0 = Release|Any CPU
	EndGlobalSection
	GlobalSection(SolutionProperties) = preSolution
		HideSolutionNode = FALSE
	EndGlobalSection
	GlobalSection(ExtensibilityGlobals) = postSolution
		SolutionGuid = {7784F888-2CF2-4C5C-85B3-9E277910723B}
	EndGlobalSection
EndGlobal
