
Microsoft Visual Studio Solution File, Format Version 12.00
# Visual Studio Version 17
VisualStudioVersion = 17.4.33110.190
MinimumVisualStudioVersion = 10.0.40219.1
Project("{FAE04EC0-301F-11D3-BF4B-00C04F79EFBC}") = "DockerApiDemo.Api", "DockerApiDemo.Api\DockerApiDemo.Api.csproj", "{3B085853-EEFA-49A0-8F94-2BB91B3F534C}"
EndProject
Global
	GlobalSection(SolutionConfigurationPlatforms) = preSolution
		Debug|Any CPU = Debug|Any CPU
		Release|Any CPU = Release|Any CPU
	EndGlobalSection
	GlobalSection(ProjectConfigurationPlatforms) = postSolution
		{3B085853-EEFA-49A0-8F94-2BB91B3F534C}.Debug|Any CPU.ActiveCfg = Debug|Any CPU
		{3B085853-EEFA-49A0-8F94-2BB91B3F534C}.Debug|Any CPU.Build.0 = Debug|Any CPU
		{3B085853-EEFA-49A0-8F94-2BB91B3F534C}.Release|Any CPU.ActiveCfg = Release|Any CPU
		{3B085853-EEFA-49A0-8F94-2BB91B3F534C}.Release|Any CPU.Build.0 = Release|Any CPU
	EndGlobalSection
	GlobalSection(SolutionProperties) = preSolution
		HideSolutionNode = FALSE
	EndGlobalSection
	GlobalSection(ExtensibilityGlobals) = postSolution
		SolutionGuid = {E45EBC22-2E4D-437C-8947-D6F171E54D16}
	EndGlobalSection
EndGlobal
